// !$*UTF8*$!
{
	archiveVersion = 1;
	classes = {
	};
	objectVersion = 46;
	objects = {

/* Begin PBXBuildFile section */
		164591021DC0070900BF1D27 /* Recipes.swift in Sources */ = {isa = PBXBuildFile; fileRef = 164591011DC0070900BF1D27 /* Recipes.swift */; };
		259FBA05FC3B6E0A16F34DDE /* Pods_SimpleChef.framework in Frameworks */ = {isa = PBXBuildFile; fileRef = 53C8841134D0E30E1CC2CC39 /* Pods_SimpleChef.framework */; };
		8A5DD56E884703C2442F7ECA /* Pods_SimpleChefUITests.framework in Frameworks */ = {isa = PBXBuildFile; fileRef = 858F7A90BF48DA0E84506E64 /* Pods_SimpleChefUITests.framework */; };
		C43A92BD1DC1CF3B004EDA91 /* API Helper.swift in Sources */ = {isa = PBXBuildFile; fileRef = C43A92BC1DC1CF3B004EDA91 /* API Helper.swift */; };
		ED52561E1DB3427900A89501 /* SearchViewController.swift in Sources */ = {isa = PBXBuildFile; fileRef = ED52561D1DB3427900A89501 /* SearchViewController.swift */; };
		ED6436A01DB03C5000D587F6 /* AppDelegate.swift in Sources */ = {isa = PBXBuildFile; fileRef = ED64369F1DB03C5000D587F6 /* AppDelegate.swift */; };
		ED6436A51DB03C5000D587F6 /* Main.storyboard in Resources */ = {isa = PBXBuildFile; fileRef = ED6436A31DB03C5000D587F6 /* Main.storyboard */; };
		ED6436A71DB03C5000D587F6 /* Assets.xcassets in Resources */ = {isa = PBXBuildFile; fileRef = ED6436A61DB03C5000D587F6 /* Assets.xcassets */; };
		ED6436AA1DB03C5000D587F6 /* LaunchScreen.storyboard in Resources */ = {isa = PBXBuildFile; fileRef = ED6436A81DB03C5000D587F6 /* LaunchScreen.storyboard */; };
		ED6436B51DB03C5000D587F6 /* SimpleChefTests.swift in Sources */ = {isa = PBXBuildFile; fileRef = ED6436B41DB03C5000D587F6 /* SimpleChefTests.swift */; };
		ED6436C01DB03C5000D587F6 /* SimpleChefUITests.swift in Sources */ = {isa = PBXBuildFile; fileRef = ED6436BF1DB03C5000D587F6 /* SimpleChefUITests.swift */; };
		ED996CE41DB6C803004EDF90 /* RecipeViewController.swift in Sources */ = {isa = PBXBuildFile; fileRef = ED996CE31DB6C803004EDF90 /* RecipeViewController.swift */; };
		EFE137E84DB2538413477C23 /* Pods_SimpleChefTests.framework in Frameworks */ = {isa = PBXBuildFile; fileRef = 6A1D073F13AD02694113D899 /* Pods_SimpleChefTests.framework */; };
/* End PBXBuildFile section */

/* Begin PBXContainerItemProxy section */
		ED6436B11DB03C5000D587F6 /* PBXContainerItemProxy */ = {
			isa = PBXContainerItemProxy;
			containerPortal = ED6436941DB03C5000D587F6 /* Project object */;
			proxyType = 1;
			remoteGlobalIDString = ED64369B1DB03C5000D587F6;
			remoteInfo = SimpleChef;
		};
		ED6436BC1DB03C5000D587F6 /* PBXContainerItemProxy */ = {
			isa = PBXContainerItemProxy;
			containerPortal = ED6436941DB03C5000D587F6 /* Project object */;
			proxyType = 1;
			remoteGlobalIDString = ED64369B1DB03C5000D587F6;
			remoteInfo = SimpleChef;
		};
/* End PBXContainerItemProxy section */

/* Begin PBXFileReference section */
		164591011DC0070900BF1D27 /* Recipes.swift */ = {isa = PBXFileReference; fileEncoding = 4; lastKnownFileType = sourcecode.swift; path = Recipes.swift; sourceTree = "<group>"; };
		1D4CCF77A44721180DD5BD54 /* Pods-SimpleChefTests.debug.xcconfig */ = {isa = PBXFileReference; includeInIndex = 1; lastKnownFileType = text.xcconfig; name = "Pods-SimpleChefTests.debug.xcconfig"; path = "Pods/Target Support Files/Pods-SimpleChefTests/Pods-SimpleChefTests.debug.xcconfig"; sourceTree = "<group>"; };
		3D77F65865413F9190650EFD /* Pods-SimpleChefUITests.release.xcconfig */ = {isa = PBXFileReference; includeInIndex = 1; lastKnownFileType = text.xcconfig; name = "Pods-SimpleChefUITests.release.xcconfig"; path = "Pods/Target Support Files/Pods-SimpleChefUITests/Pods-SimpleChefUITests.release.xcconfig"; sourceTree = "<group>"; };
		53C8841134D0E30E1CC2CC39 /* Pods_SimpleChef.framework */ = {isa = PBXFileReference; explicitFileType = wrapper.framework; includeInIndex = 0; path = Pods_SimpleChef.framework; sourceTree = BUILT_PRODUCTS_DIR; };
		6A1D073F13AD02694113D899 /* Pods_SimpleChefTests.framework */ = {isa = PBXFileReference; explicitFileType = wrapper.framework; includeInIndex = 0; path = Pods_SimpleChefTests.framework; sourceTree = BUILT_PRODUCTS_DIR; };
		6AE447D81FD1C96454F24FC4 /* Pods-SimpleChef.release.xcconfig */ = {isa = PBXFileReference; includeInIndex = 1; lastKnownFileType = text.xcconfig; name = "Pods-SimpleChef.release.xcconfig"; path = "Pods/Target Support Files/Pods-SimpleChef/Pods-SimpleChef.release.xcconfig"; sourceTree = "<group>"; };
		858F7A90BF48DA0E84506E64 /* Pods_SimpleChefUITests.framework */ = {isa = PBXFileReference; explicitFileType = wrapper.framework; includeInIndex = 0; path = Pods_SimpleChefUITests.framework; sourceTree = BUILT_PRODUCTS_DIR; };
		C43A92BC1DC1CF3B004EDA91 /* API Helper.swift */ = {isa = PBXFileReference; fileEncoding = 4; lastKnownFileType = sourcecode.swift; path = "API Helper.swift"; sourceTree = "<group>"; };
		D4993CC7C10893DA5B1CC73F /* Pods-SimpleChefUITests.debug.xcconfig */ = {isa = PBXFileReference; includeInIndex = 1; lastKnownFileType = text.xcconfig; name = "Pods-SimpleChefUITests.debug.xcconfig"; path = "Pods/Target Support Files/Pods-SimpleChefUITests/Pods-SimpleChefUITests.debug.xcconfig"; sourceTree = "<group>"; };
		EB1B924A5504C3160281CB27 /* Pods-SimpleChef.debug.xcconfig */ = {isa = PBXFileReference; includeInIndex = 1; lastKnownFileType = text.xcconfig; name = "Pods-SimpleChef.debug.xcconfig"; path = "Pods/Target Support Files/Pods-SimpleChef/Pods-SimpleChef.debug.xcconfig"; sourceTree = "<group>"; };
		ED52561D1DB3427900A89501 /* SearchViewController.swift */ = {isa = PBXFileReference; fileEncoding = 4; lastKnownFileType = sourcecode.swift; path = SearchViewController.swift; sourceTree = "<group>"; };
		ED64369C1DB03C5000D587F6 /* SimpleChef.app */ = {isa = PBXFileReference; explicitFileType = wrapper.application; includeInIndex = 0; path = SimpleChef.app; sourceTree = BUILT_PRODUCTS_DIR; };
		ED64369F1DB03C5000D587F6 /* AppDelegate.swift */ = {isa = PBXFileReference; lastKnownFileType = sourcecode.swift; path = AppDelegate.swift; sourceTree = "<group>"; };
		ED6436A41DB03C5000D587F6 /* Base */ = {isa = PBXFileReference; lastKnownFileType = file.storyboard; name = Base; path = Base.lproj/Main.storyboard; sourceTree = "<group>"; };
		ED6436A61DB03C5000D587F6 /* Assets.xcassets */ = {isa = PBXFileReference; lastKnownFileType = folder.assetcatalog; path = Assets.xcassets; sourceTree = "<group>"; };
		ED6436A91DB03C5000D587F6 /* Base */ = {isa = PBXFileReference; lastKnownFileType = file.storyboard; name = Base; path = Base.lproj/LaunchScreen.storyboard; sourceTree = "<group>"; };
		ED6436AB1DB03C5000D587F6 /* Info.plist */ = {isa = PBXFileReference; lastKnownFileType = text.plist.xml; path = Info.plist; sourceTree = "<group>"; };
		ED6436B01DB03C5000D587F6 /* SimpleChefTests.xctest */ = {isa = PBXFileReference; explicitFileType = wrapper.cfbundle; includeInIndex = 0; path = SimpleChefTests.xctest; sourceTree = BUILT_PRODUCTS_DIR; };
		ED6436B41DB03C5000D587F6 /* SimpleChefTests.swift */ = {isa = PBXFileReference; lastKnownFileType = sourcecode.swift; path = SimpleChefTests.swift; sourceTree = "<group>"; };
		ED6436B61DB03C5000D587F6 /* Info.plist */ = {isa = PBXFileReference; lastKnownFileType = text.plist.xml; path = Info.plist; sourceTree = "<group>"; };
		ED6436BB1DB03C5000D587F6 /* SimpleChefUITests.xctest */ = {isa = PBXFileReference; explicitFileType = wrapper.cfbundle; includeInIndex = 0; path = SimpleChefUITests.xctest; sourceTree = BUILT_PRODUCTS_DIR; };
		ED6436BF1DB03C5000D587F6 /* SimpleChefUITests.swift */ = {isa = PBXFileReference; lastKnownFileType = sourcecode.swift; path = SimpleChefUITests.swift; sourceTree = "<group>"; };
		ED6436C11DB03C5000D587F6 /* Info.plist */ = {isa = PBXFileReference; lastKnownFileType = text.plist.xml; path = Info.plist; sourceTree = "<group>"; };
		ED996CE31DB6C803004EDF90 /* RecipeViewController.swift */ = {isa = PBXFileReference; fileEncoding = 4; lastKnownFileType = sourcecode.swift; path = RecipeViewController.swift; sourceTree = "<group>"; };
		F5DD9B30D3E99E0884239038 /* Pods-SimpleChefTests.release.xcconfig */ = {isa = PBXFileReference; includeInIndex = 1; lastKnownFileType = text.xcconfig; name = "Pods-SimpleChefTests.release.xcconfig"; path = "Pods/Target Support Files/Pods-SimpleChefTests/Pods-SimpleChefTests.release.xcconfig"; sourceTree = "<group>"; };
/* End PBXFileReference section */

/* Begin PBXFrameworksBuildPhase section */
		ED6436991DB03C5000D587F6 /* Frameworks */ = {
			isa = PBXFrameworksBuildPhase;
			buildActionMask = 2147483647;
			files = (
				259FBA05FC3B6E0A16F34DDE /* Pods_SimpleChef.framework in Frameworks */,
			);
			runOnlyForDeploymentPostprocessing = 0;
		};
		ED6436AD1DB03C5000D587F6 /* Frameworks */ = {
			isa = PBXFrameworksBuildPhase;
			buildActionMask = 2147483647;
			files = (
				EFE137E84DB2538413477C23 /* Pods_SimpleChefTests.framework in Frameworks */,
			);
			runOnlyForDeploymentPostprocessing = 0;
		};
		ED6436B81DB03C5000D587F6 /* Frameworks */ = {
			isa = PBXFrameworksBuildPhase;
			buildActionMask = 2147483647;
			files = (
				8A5DD56E884703C2442F7ECA /* Pods_SimpleChefUITests.framework in Frameworks */,
			);
			runOnlyForDeploymentPostprocessing = 0;
		};
/* End PBXFrameworksBuildPhase section */

/* Begin PBXGroup section */
		1303EBA1BD93086406CE98BA /* Pods */ = {
			isa = PBXGroup;
			children = (
				EB1B924A5504C3160281CB27 /* Pods-SimpleChef.debug.xcconfig */,
				6AE447D81FD1C96454F24FC4 /* Pods-SimpleChef.release.xcconfig */,
				1D4CCF77A44721180DD5BD54 /* Pods-SimpleChefTests.debug.xcconfig */,
				F5DD9B30D3E99E0884239038 /* Pods-SimpleChefTests.release.xcconfig */,
				D4993CC7C10893DA5B1CC73F /* Pods-SimpleChefUITests.debug.xcconfig */,
				3D77F65865413F9190650EFD /* Pods-SimpleChefUITests.release.xcconfig */,
			);
			name = Pods;
			sourceTree = "<group>";
		};
		75381F0583FB599801677A5E /* Frameworks */ = {
			isa = PBXGroup;
			children = (
				53C8841134D0E30E1CC2CC39 /* Pods_SimpleChef.framework */,
				6A1D073F13AD02694113D899 /* Pods_SimpleChefTests.framework */,
				858F7A90BF48DA0E84506E64 /* Pods_SimpleChefUITests.framework */,
			);
			name = Frameworks;
			sourceTree = "<group>";
		};
		ED6436931DB03C5000D587F6 = {
			isa = PBXGroup;
			children = (
				ED64369E1DB03C5000D587F6 /* SimpleChef */,
				ED6436B31DB03C5000D587F6 /* SimpleChefTests */,
				ED6436BE1DB03C5000D587F6 /* SimpleChefUITests */,
				ED64369D1DB03C5000D587F6 /* Products */,
				1303EBA1BD93086406CE98BA /* Pods */,
				75381F0583FB599801677A5E /* Frameworks */,
			);
			sourceTree = "<group>";
		};
		ED64369D1DB03C5000D587F6 /* Products */ = {
			isa = PBXGroup;
			children = (
				ED64369C1DB03C5000D587F6 /* SimpleChef.app */,
				ED6436B01DB03C5000D587F6 /* SimpleChefTests.xctest */,
				ED6436BB1DB03C5000D587F6 /* SimpleChefUITests.xctest */,
			);
			name = Products;
			sourceTree = "<group>";
		};
		ED64369E1DB03C5000D587F6 /* SimpleChef */ = {
			isa = PBXGroup;
			children = (
				ED64369F1DB03C5000D587F6 /* AppDelegate.swift */,
				C43A92BC1DC1CF3B004EDA91 /* API Helper.swift */,
				ED52561D1DB3427900A89501 /* SearchViewController.swift */,
				164591011DC0070900BF1D27 /* Recipes.swift */,
				ED996CE31DB6C803004EDF90 /* RecipeViewController.swift */,
				ED6436A31DB03C5000D587F6 /* Main.storyboard */,
				ED6436A61DB03C5000D587F6 /* Assets.xcassets */,
				ED6436A81DB03C5000D587F6 /* LaunchScreen.storyboard */,
				ED6436AB1DB03C5000D587F6 /* Info.plist */,
			);
			path = SimpleChef;
			sourceTree = "<group>";
		};
		ED6436B31DB03C5000D587F6 /* SimpleChefTests */ = {
			isa = PBXGroup;
			children = (
				ED6436B41DB03C5000D587F6 /* SimpleChefTests.swift */,
				ED6436B61DB03C5000D587F6 /* Info.plist */,
			);
			path = SimpleChefTests;
			sourceTree = "<group>";
		};
		ED6436BE1DB03C5000D587F6 /* SimpleChefUITests */ = {
			isa = PBXGroup;
			children = (
				ED6436BF1DB03C5000D587F6 /* SimpleChefUITests.swift */,
				ED6436C11DB03C5000D587F6 /* Info.plist */,
			);
			path = SimpleChefUITests;
			sourceTree = "<group>";
		};
/* End PBXGroup section */

/* Begin PBXNativeTarget section */
		ED64369B1DB03C5000D587F6 /* SimpleChef */ = {
			isa = PBXNativeTarget;
			buildConfigurationList = ED6436C41DB03C5000D587F6 /* Build configuration list for PBXNativeTarget "SimpleChef" */;
			buildPhases = (
				A5DDB14DB0FB4B03E90D9221 /* [CP] Check Pods Manifest.lock */,
				ED6436981DB03C5000D587F6 /* Sources */,
				ED6436991DB03C5000D587F6 /* Frameworks */,
				ED64369A1DB03C5000D587F6 /* Resources */,
				18E92CAEC2D205BCA6726F7D /* [CP] Embed Pods Frameworks */,
				34A49CC7CF7C9809A913DE53 /* [CP] Copy Pods Resources */,
			);
			buildRules = (
			);
			dependencies = (
			);
			name = SimpleChef;
			productName = SimpleChef;
			productReference = ED64369C1DB03C5000D587F6 /* SimpleChef.app */;
			productType = "com.apple.product-type.application";
		};
		ED6436AF1DB03C5000D587F6 /* SimpleChefTests */ = {
			isa = PBXNativeTarget;
			buildConfigurationList = ED6436C71DB03C5000D587F6 /* Build configuration list for PBXNativeTarget "SimpleChefTests" */;
			buildPhases = (
				CA59A0A651FB4E053D3CAE35 /* [CP] Check Pods Manifest.lock */,
				ED6436AC1DB03C5000D587F6 /* Sources */,
				ED6436AD1DB03C5000D587F6 /* Frameworks */,
				ED6436AE1DB03C5000D587F6 /* Resources */,
				924CD17A5629B9B6788ED6EF /* [CP] Embed Pods Frameworks */,
				4E23B8CBF472DAFCA60D5C02 /* [CP] Copy Pods Resources */,
			);
			buildRules = (
			);
			dependencies = (
				ED6436B21DB03C5000D587F6 /* PBXTargetDependency */,
			);
			name = SimpleChefTests;
			productName = SimpleChefTests;
			productReference = ED6436B01DB03C5000D587F6 /* SimpleChefTests.xctest */;
			productType = "com.apple.product-type.bundle.unit-test";
		};
		ED6436BA1DB03C5000D587F6 /* SimpleChefUITests */ = {
			isa = PBXNativeTarget;
			buildConfigurationList = ED6436CA1DB03C5000D587F6 /* Build configuration list for PBXNativeTarget "SimpleChefUITests" */;
			buildPhases = (
				E2D0A8C115D14C8564D2FAF2 /* [CP] Check Pods Manifest.lock */,
				ED6436B71DB03C5000D587F6 /* Sources */,
				ED6436B81DB03C5000D587F6 /* Frameworks */,
				ED6436B91DB03C5000D587F6 /* Resources */,
				E375CE65C092222084F40C39 /* [CP] Embed Pods Frameworks */,
				0EF151EE9651CB3BE04ADF93 /* [CP] Copy Pods Resources */,
			);
			buildRules = (
			);
			dependencies = (
				ED6436BD1DB03C5000D587F6 /* PBXTargetDependency */,
			);
			name = SimpleChefUITests;
			productName = SimpleChefUITests;
			productReference = ED6436BB1DB03C5000D587F6 /* SimpleChefUITests.xctest */;
			productType = "com.apple.product-type.bundle.ui-testing";
		};
/* End PBXNativeTarget section */

/* Begin PBXProject section */
		ED6436941DB03C5000D587F6 /* Project object */ = {
			isa = PBXProject;
			attributes = {
				LastSwiftUpdateCheck = 0800;
				LastUpgradeCheck = 0800;
				ORGANIZATIONNAME = MakeSchool;
				TargetAttributes = {
					ED64369B1DB03C5000D587F6 = {
						CreatedOnToolsVersion = 8.0;
						DevelopmentTeam = 49S98LV4RB;
						ProvisioningStyle = Automatic;
					};
					ED6436AF1DB03C5000D587F6 = {
						CreatedOnToolsVersion = 8.0;
						DevelopmentTeam = 49S98LV4RB;
						ProvisioningStyle = Automatic;
						TestTargetID = ED64369B1DB03C5000D587F6;
					};
					ED6436BA1DB03C5000D587F6 = {
						CreatedOnToolsVersion = 8.0;
						DevelopmentTeam = 49S98LV4RB;
						ProvisioningStyle = Automatic;
						TestTargetID = ED64369B1DB03C5000D587F6;
					};
				};
			};
			buildConfigurationList = ED6436971DB03C5000D587F6 /* Build configuration list for PBXProject "SimpleChef" */;
			compatibilityVersion = "Xcode 3.2";
			developmentRegion = English;
			hasScannedForEncodings = 0;
			knownRegions = (
				en,
				Base,
			);
			mainGroup = ED6436931DB03C5000D587F6;
			productRefGroup = ED64369D1DB03C5000D587F6 /* Products */;
			projectDirPath = "";
			projectRoot = "";
			targets = (
				ED64369B1DB03C5000D587F6 /* SimpleChef */,
				ED6436AF1DB03C5000D587F6 /* SimpleChefTests */,
				ED6436BA1DB03C5000D587F6 /* SimpleChefUITests */,
			);
		};
/* End PBXProject section */

/* Begin PBXResourcesBuildPhase section */
		ED64369A1DB03C5000D587F6 /* Resources */ = {
			isa = PBXResourcesBuildPhase;
			buildActionMask = 2147483647;
			files = (
				ED6436AA1DB03C5000D587F6 /* LaunchScreen.storyboard in Resources */,
				ED6436A71DB03C5000D587F6 /* Assets.xcassets in Resources */,
				ED6436A51DB03C5000D587F6 /* Main.storyboard in Resources */,
			);
			runOnlyForDeploymentPostprocessing = 0;
		};
		ED6436AE1DB03C5000D587F6 /* Resources */ = {
			isa = PBXResourcesBuildPhase;
			buildActionMask = 2147483647;
			files = (
			);
			runOnlyForDeploymentPostprocessing = 0;
		};
		ED6436B91DB03C5000D587F6 /* Resources */ = {
			isa = PBXResourcesBuildPhase;
			buildActionMask = 2147483647;
			files = (
			);
			runOnlyForDeploymentPostprocessing = 0;
		};
/* End PBXResourcesBuildPhase section */

/* Begin PBXShellScriptBuildPhase section */
		0EF151EE9651CB3BE04ADF93 /* [CP] Copy Pods Resources */ = {
			isa = PBXShellScriptBuildPhase;
			buildActionMask = 2147483647;
			files = (
			);
			inputPaths = (
			);
			name = "[CP] Copy Pods Resources";
			outputPaths = (
			);
			runOnlyForDeploymentPostprocessing = 0;
			shellPath = /bin/sh;
			shellScript = "\"${SRCROOT}/Pods/Target Support Files/Pods-SimpleChefUITests/Pods-SimpleChefUITests-resources.sh\"\n";
			showEnvVarsInLog = 0;
		};
		18E92CAEC2D205BCA6726F7D /* [CP] Embed Pods Frameworks */ = {
			isa = PBXShellScriptBuildPhase;
			buildActionMask = 2147483647;
			files = (
			);
			inputPaths = (
			);
			name = "[CP] Embed Pods Frameworks";
			outputPaths = (
			);
			runOnlyForDeploymentPostprocessing = 0;
			shellPath = /bin/sh;
			shellScript = "\"${SRCROOT}/Pods/Target Support Files/Pods-SimpleChef/Pods-SimpleChef-frameworks.sh\"\n";
			showEnvVarsInLog = 0;
		};
		34A49CC7CF7C9809A913DE53 /* [CP] Copy Pods Resources */ = {
			isa = PBXShellScriptBuildPhase;
			buildActionMask = 2147483647;
			files = (
			);
			inputPaths = (
			);
			name = "[CP] Copy Pods Resources";
			outputPaths = (
			);
			runOnlyForDeploymentPostprocessing = 0;
			shellPath = /bin/sh;
			shellScript = "\"${SRCROOT}/Pods/Target Support Files/Pods-SimpleChef/Pods-SimpleChef-resources.sh\"\n";
			showEnvVarsInLog = 0;
		};
		4E23B8CBF472DAFCA60D5C02 /* [CP] Copy Pods Resources */ = {
			isa = PBXShellScriptBuildPhase;
			buildActionMask = 2147483647;
			files = (
			);
			inputPaths = (
			);
			name = "[CP] Copy Pods Resources";
			outputPaths = (
			);
			runOnlyForDeploymentPostprocessing = 0;
			shellPath = /bin/sh;
			shellScript = "\"${SRCROOT}/Pods/Target Support Files/Pods-SimpleChefTests/Pods-SimpleChefTests-resources.sh\"\n";
			showEnvVarsInLog = 0;
		};
		924CD17A5629B9B6788ED6EF /* [CP] Embed Pods Frameworks */ = {
			isa = PBXShellScriptBuildPhase;
			buildActionMask = 2147483647;
			files = (
			);
			inputPaths = (
			);
			name = "[CP] Embed Pods Frameworks";
			outputPaths = (
			);
			runOnlyForDeploymentPostprocessing = 0;
			shellPath = /bin/sh;
			shellScript = "\"${SRCROOT}/Pods/Target Support Files/Pods-SimpleChefTests/Pods-SimpleChefTests-frameworks.sh\"\n";
			showEnvVarsInLog = 0;
		};
		A5DDB14DB0FB4B03E90D9221 /* [CP] Check Pods Manifest.lock */ = {
			isa = PBXShellScriptBuildPhase;
			buildActionMask = 2147483647;
			files = (
			);
			inputPaths = (
			);
			name = "[CP] Check Pods Manifest.lock";
			outputPaths = (
			);
			runOnlyForDeploymentPostprocessing = 0;
			shellPath = /bin/sh;
			shellScript = "diff \"${PODS_ROOT}/../Podfile.lock\" \"${PODS_ROOT}/Manifest.lock\" > /dev/null\nif [[ $? != 0 ]] ; then\n    cat << EOM\nerror: The sandbox is not in sync with the Podfile.lock. Run 'pod install' or update your CocoaPods installation.\nEOM\n    exit 1\nfi\n";
			showEnvVarsInLog = 0;
		};
		CA59A0A651FB4E053D3CAE35 /* [CP] Check Pods Manifest.lock */ = {
			isa = PBXShellScriptBuildPhase;
			buildActionMask = 2147483647;
			files = (
			);
			inputPaths = (
			);
			name = "[CP] Check Pods Manifest.lock";
			outputPaths = (
			);
			runOnlyForDeploymentPostprocessing = 0;
			shellPath = /bin/sh;
			shellScript = "diff \"${PODS_ROOT}/../Podfile.lock\" \"${PODS_ROOT}/Manifest.lock\" > /dev/null\nif [[ $? != 0 ]] ; then\n    cat << EOM\nerror: The sandbox is not in sync with the Podfile.lock. Run 'pod install' or update your CocoaPods installation.\nEOM\n    exit 1\nfi\n";
			showEnvVarsInLog = 0;
		};
		E2D0A8C115D14C8564D2FAF2 /* [CP] Check Pods Manifest.lock */ = {
			isa = PBXShellScriptBuildPhase;
			buildActionMask = 2147483647;
			files = (
			);
			inputPaths = (
			);
			name = "[CP] Check Pods Manifest.lock";
			outputPaths = (
			);
			runOnlyForDeploymentPostprocessing = 0;
			shellPath = /bin/sh;
			shellScript = "diff \"${PODS_ROOT}/../Podfile.lock\" \"${PODS_ROOT}/Manifest.lock\" > /dev/null\nif [[ $? != 0 ]] ; then\n    cat << EOM\nerror: The sandbox is not in sync with the Podfile.lock. Run 'pod install' or update your CocoaPods installation.\nEOM\n    exit 1\nfi\n";
			showEnvVarsInLog = 0;
		};
		E375CE65C092222084F40C39 /* [CP] Embed Pods Frameworks */ = {
			isa = PBXShellScriptBuildPhase;
			buildActionMask = 2147483647;
			files = (
			);
			inputPaths = (
			);
			name = "[CP] Embed Pods Frameworks";
			outputPaths = (
			);
			runOnlyForDeploymentPostprocessing = 0;
			shellPath = /bin/sh;
			shellScript = "\"${SRCROOT}/Pods/Target Support Files/Pods-SimpleChefUITests/Pods-SimpleChefUITests-frameworks.sh\"\n";
			showEnvVarsInLog = 0;
		};
/* End PBXShellScriptBuildPhase section */

/* Begin PBXSourcesBuildPhase section */
		ED6436981DB03C5000D587F6 /* Sources */ = {
			isa = PBXSourcesBuildPhase;
			buildActionMask = 2147483647;
			files = (
				C43A92BD1DC1CF3B004EDA91 /* API Helper.swift in Sources */,
				ED52561E1DB3427900A89501 /* SearchViewController.swift in Sources */,
				ED6436A01DB03C5000D587F6 /* AppDelegate.swift in Sources */,
				ED996CE41DB6C803004EDF90 /* RecipeViewController.swift in Sources */,
				164591021DC0070900BF1D27 /* Recipes.swift in Sources */,
			);
			runOnlyForDeploymentPostprocessing = 0;
		};
		ED6436AC1DB03C5000D587F6 /* Sources */ = {
			isa = PBXSourcesBuildPhase;
			buildActionMask = 2147483647;
			files = (
				ED6436B51DB03C5000D587F6 /* SimpleChefTests.swift in Sources */,
			);
			runOnlyForDeploymentPostprocessing = 0;
		};
		ED6436B71DB03C5000D587F6 /* Sources */ = {
			isa = PBXSourcesBuildPhase;
			buildActionMask = 2147483647;
			files = (
				ED6436C01DB03C5000D587F6 /* SimpleChefUITests.swift in Sources */,
			);
			runOnlyForDeploymentPostprocessing = 0;
		};
/* End PBXSourcesBuildPhase section */

/* Begin PBXTargetDependency section */
		ED6436B21DB03C5000D587F6 /* PBXTargetDependency */ = {
			isa = PBXTargetDependency;
			target = ED64369B1DB03C5000D587F6 /* SimpleChef */;
			targetProxy = ED6436B11DB03C5000D587F6 /* PBXContainerItemProxy */;
		};
		ED6436BD1DB03C5000D587F6 /* PBXTargetDependency */ = {
			isa = PBXTargetDependency;
			target = ED64369B1DB03C5000D587F6 /* SimpleChef */;
			targetProxy = ED6436BC1DB03C5000D587F6 /* PBXContainerItemProxy */;
		};
/* End PBXTargetDependency section */

/* Begin PBXVariantGroup section */
		ED6436A31DB03C5000D587F6 /* Main.storyboard */ = {
			isa = PBXVariantGroup;
			children = (
				ED6436A41DB03C5000D587F6 /* Base */,
			);
			name = Main.storyboard;
			sourceTree = "<group>";
		};
		ED6436A81DB03C5000D587F6 /* LaunchScreen.storyboard */ = {
			isa = PBXVariantGroup;
			children = (
				ED6436A91DB03C5000D587F6 /* Base */,
			);
			name = LaunchScreen.storyboard;
			sourceTree = "<group>";
		};
/* End PBXVariantGroup section */

/* Begin XCBuildConfiguration section */
		ED6436C21DB03C5000D587F6 /* Debug */ = {
			isa = XCBuildConfiguration;
			buildSettings = {
				ALWAYS_SEARCH_USER_PATHS = NO;
				CLANG_ANALYZER_NONNULL = YES;
				CLANG_CXX_LANGUAGE_STANDARD = "gnu++0x";
				CLANG_CXX_LIBRARY = "libc++";
				CLANG_ENABLE_MODULES = YES;
				CLANG_ENABLE_OBJC_ARC = YES;
				CLANG_WARN_BOOL_CONVERSION = YES;
				CLANG_WARN_CONSTANT_CONVERSION = YES;
				CLANG_WARN_DIRECT_OBJC_ISA_USAGE = YES_ERROR;
				CLANG_WARN_DOCUMENTATION_COMMENTS = YES;
				CLANG_WARN_EMPTY_BODY = YES;
				CLANG_WARN_ENUM_CONVERSION = YES;
				CLANG_WARN_INFINITE_RECURSION = YES;
				CLANG_WARN_INT_CONVERSION = YES;
				CLANG_WARN_OBJC_ROOT_CLASS = YES_ERROR;
				CLANG_WARN_SUSPICIOUS_MOVES = YES;
				CLANG_WARN_UNREACHABLE_CODE = YES;
				CLANG_WARN__DUPLICATE_METHOD_MATCH = YES;
				"CODE_SIGN_IDENTITY[sdk=iphoneos*]" = "iPhone Developer";
				COPY_PHASE_STRIP = NO;
				DEBUG_INFORMATION_FORMAT = dwarf;
				ENABLE_STRICT_OBJC_MSGSEND = YES;
				ENABLE_TESTABILITY = YES;
				GCC_C_LANGUAGE_STANDARD = gnu99;
				GCC_DYNAMIC_NO_PIC = NO;
				GCC_NO_COMMON_BLOCKS = YES;
				GCC_OPTIMIZATION_LEVEL = 0;
				GCC_PREPROCESSOR_DEFINITIONS = (
					"DEBUG=1",
					"$(inherited)",
				);
				GCC_WARN_64_TO_32_BIT_CONVERSION = YES;
				GCC_WARN_ABOUT_RETURN_TYPE = YES_ERROR;
				GCC_WARN_UNDECLARED_SELECTOR = YES;
				GCC_WARN_UNINITIALIZED_AUTOS = YES_AGGRESSIVE;
				GCC_WARN_UNUSED_FUNCTION = YES;
				GCC_WARN_UNUSED_VARIABLE = YES;
				IPHONEOS_DEPLOYMENT_TARGET = 10.0;
				MTL_ENABLE_DEBUG_INFO = YES;
				ONLY_ACTIVE_ARCH = YES;
				SDKROOT = iphoneos;
				SWIFT_ACTIVE_COMPILATION_CONDITIONS = DEBUG;
				SWIFT_OPTIMIZATION_LEVEL = "-Onone";
			};
			name = Debug;
		};
		ED6436C31DB03C5000D587F6 /* Release */ = {
			isa = XCBuildConfiguration;
			buildSettings = {
				ALWAYS_SEARCH_USER_PATHS = NO;
				CLANG_ANALYZER_NONNULL = YES;
				CLANG_CXX_LANGUAGE_STANDARD = "gnu++0x";
				CLANG_CXX_LIBRARY = "libc++";
				CLANG_ENABLE_MODULES = YES;
				CLANG_ENABLE_OBJC_ARC = YES;
				CLANG_WARN_BOOL_CONVERSION = YES;
				CLANG_WARN_CONSTANT_CONVERSION = YES;
				CLANG_WARN_DIRECT_OBJC_ISA_USAGE = YES_ERROR;
				CLANG_WARN_DOCUMENTATION_COMMENTS = YES;
				CLANG_WARN_EMPTY_BODY = YES;
				CLANG_WARN_ENUM_CONVERSION = YES;
				CLANG_WARN_INFINITE_RECURSION = YES;
				CLANG_WARN_INT_CONVERSION = YES;
				CLANG_WARN_OBJC_ROOT_CLASS = YES_ERROR;
				CLANG_WARN_SUSPICIOUS_MOVES = YES;
				CLANG_WARN_UNREACHABLE_CODE = YES;
				CLANG_WARN__DUPLICATE_METHOD_MATCH = YES;
				"CODE_SIGN_IDENTITY[sdk=iphoneos*]" = "iPhone Developer";
				COPY_PHASE_STRIP = NO;
				DEBUG_INFORMATION_FORMAT = "dwarf-with-dsym";
				ENABLE_NS_ASSERTIONS = NO;
				ENABLE_STRICT_OBJC_MSGSEND = YES;
				GCC_C_LANGUAGE_STANDARD = gnu99;
				GCC_NO_COMMON_BLOCKS = YES;
				GCC_WARN_64_TO_32_BIT_CONVERSION = YES;
				GCC_WARN_ABOUT_RETURN_TYPE = YES_ERROR;
				GCC_WARN_UNDECLARED_SELECTOR = YES;
				GCC_WARN_UNINITIALIZED_AUTOS = YES_AGGRESSIVE;
				GCC_WARN_UNUSED_FUNCTION = YES;
				GCC_WARN_UNUSED_VARIABLE = YES;
				IPHONEOS_DEPLOYMENT_TARGET = 10.0;
				MTL_ENABLE_DEBUG_INFO = NO;
				SDKROOT = iphoneos;
				SWIFT_OPTIMIZATION_LEVEL = "-Owholemodule";
				VALIDATE_PRODUCT = YES;
			};
			name = Release;
		};
		ED6436C51DB03C5000D587F6 /* Debug */ = {
			isa = XCBuildConfiguration;
			baseConfigurationReference = EB1B924A5504C3160281CB27 /* Pods-SimpleChef.debug.xcconfig */;
			buildSettings = {
				ASSETCATALOG_COMPILER_APPICON_NAME = AppIcon;
				DEVELOPMENT_TEAM = 49S98LV4RB;
				INFOPLIST_FILE = SimpleChef/Info.plist;
				LD_RUNPATH_SEARCH_PATHS = "$(inherited) @executable_path/Frameworks";
				PRODUCT_BUNDLE_IDENTIFIER = com.MakeSchool.SimpleChef;
				PRODUCT_NAME = "$(TARGET_NAME)";
				SWIFT_VERSION = 3.0;
			};
			name = Debug;
		};
		ED6436C61DB03C5000D587F6 /* Release */ = {
			isa = XCBuildConfiguration;
			baseConfigurationReference = 6AE447D81FD1C96454F24FC4 /* Pods-SimpleChef.release.xcconfig */;
			buildSettings = {
				ASSETCATALOG_COMPILER_APPICON_NAME = AppIcon;
				DEVELOPMENT_TEAM = 49S98LV4RB;
				INFOPLIST_FILE = SimpleChef/Info.plist;
				LD_RUNPATH_SEARCH_PATHS = "$(inherited) @executable_path/Frameworks";
				PRODUCT_BUNDLE_IDENTIFIER = com.MakeSchool.SimpleChef;
				PRODUCT_NAME = "$(TARGET_NAME)";
				SWIFT_VERSION = 3.0;
			};
			name = Release;
		};
		ED6436C81DB03C5000D587F6 /* Debug */ = {
			isa = XCBuildConfiguration;
			baseConfigurationReference = 1D4CCF77A44721180DD5BD54 /* Pods-SimpleChefTests.debug.xcconfig */;
			buildSettings = {
				ALWAYS_EMBED_SWIFT_STANDARD_LIBRARIES = YES;
				BUNDLE_LOADER = "$(TEST_HOST)";
				DEVELOPMENT_TEAM = 49S98LV4RB;
				INFOPLIST_FILE = SimpleChefTests/Info.plist;
				LD_RUNPATH_SEARCH_PATHS = "$(inherited) @executable_path/Frameworks @loader_path/Frameworks";
				PRODUCT_BUNDLE_IDENTIFIER = com.MakeSchool.SimpleChefTests;
				PRODUCT_NAME = "$(TARGET_NAME)";
				SWIFT_VERSION = 3.0;
				TEST_HOST = "$(BUILT_PRODUCTS_DIR)/SimpleChef.app/SimpleChef";
			};
			name = Debug;
		};
		ED6436C91DB03C5000D587F6 /* Release */ = {
			isa = XCBuildConfiguration;
			baseConfigurationReference = F5DD9B30D3E99E0884239038 /* Pods-SimpleChefTests.release.xcconfig */;
			buildSettings = {
				ALWAYS_EMBED_SWIFT_STANDARD_LIBRARIES = YES;
				BUNDLE_LOADER = "$(TEST_HOST)";
				DEVELOPMENT_TEAM = 49S98LV4RB;
				INFOPLIST_FILE = SimpleChefTests/Info.plist;
				LD_RUNPATH_SEARCH_PATHS = "$(inherited) @executable_path/Frameworks @loader_path/Frameworks";
				PRODUCT_BUNDLE_IDENTIFIER = com.MakeSchool.SimpleChefTests;
				PRODUCT_NAME = "$(TARGET_NAME)";
				SWIFT_VERSION = 3.0;
				TEST_HOST = "$(BUILT_PRODUCTS_DIR)/SimpleChef.app/SimpleChef";
			};
			name = Release;
		};
		ED6436CB1DB03C5000D587F6 /* Debug */ = {
			isa = XCBuildConfiguration;
			baseConfigurationReference = D4993CC7C10893DA5B1CC73F /* Pods-SimpleChefUITests.debug.xcconfig */;
			buildSettings = {
				ALWAYS_EMBED_SWIFT_STANDARD_LIBRARIES = YES;
				DEVELOPMENT_TEAM = 49S98LV4RB;
				INFOPLIST_FILE = SimpleChefUITests/Info.plist;
				LD_RUNPATH_SEARCH_PATHS = "$(inherited) @executable_path/Frameworks @loader_path/Frameworks";
				PRODUCT_BUNDLE_IDENTIFIER = com.MakeSchool.SimpleChefUITests;
				PRODUCT_NAME = "$(TARGET_NAME)";
				SWIFT_VERSION = 3.0;
				TEST_TARGET_NAME = SimpleChef;
			};
			name = Debug;
		};
		ED6436CC1DB03C5000D587F6 /* Release */ = {
			isa = XCBuildConfiguration;
			baseConfigurationReference = 3D77F65865413F9190650EFD /* Pods-SimpleChefUITests.release.xcconfig */;
			buildSettings = {
				ALWAYS_EMBED_SWIFT_STANDARD_LIBRARIES = YES;
				DEVELOPMENT_TEAM = 49S98LV4RB;
				INFOPLIST_FILE = SimpleChefUITests/Info.plist;
				LD_RUNPATH_SEARCH_PATHS = "$(inherited) @executable_path/Frameworks @loader_path/Frameworks";
				PRODUCT_BUNDLE_IDENTIFIER = com.MakeSchool.SimpleChefUITests;
				PRODUCT_NAME = "$(TARGET_NAME)";
				SWIFT_VERSION = 3.0;
				TEST_TARGET_NAME = SimpleChef;
			};
			name = Release;
		};
/* End XCBuildConfiguration section */

/* Begin XCConfigurationList section */
		ED6436971DB03C5000D587F6 /* Build configuration list for PBXProject "SimpleChef" */ = {
			isa = XCConfigurationList;
			buildConfigurations = (
				ED6436C21DB03C5000D587F6 /* Debug */,
				ED6436C31DB03C5000D587F6 /* Release */,
			);
			defaultConfigurationIsVisible = 0;
			defaultConfigurationName = Release;
		};
		ED6436C41DB03C5000D587F6 /* Build configuration list for PBXNativeTarget "SimpleChef" */ = {
			isa = XCConfigurationList;
			buildConfigurations = (
				ED6436C51DB03C5000D587F6 /* Debug */,
				ED6436C61DB03C5000D587F6 /* Release */,
			);
			defaultConfigurationIsVisible = 0;
			defaultConfigurationName = Release;
		};
		ED6436C71DB03C5000D587F6 /* Build configuration list for PBXNativeTarget "SimpleChefTests" */ = {
			isa = XCConfigurationList;
			buildConfigurations = (
				ED6436C81DB03C5000D587F6 /* Debug */,
				ED6436C91DB03C5000D587F6 /* Release */,
			);
			defaultConfigurationIsVisible = 0;
			defaultConfigurationName = Release;
		};
		ED6436CA1DB03C5000D587F6 /* Build configuration list for PBXNativeTarget "SimpleChefUITests" */ = {
			isa = XCConfigurationList;
			buildConfigurations = (
				ED6436CB1DB03C5000D587F6 /* Debug */,
				ED6436CC1DB03C5000D587F6 /* Release */,
			);
			defaultConfigurationIsVisible = 0;
			defaultConfigurationName = Release;
		};
/* End XCConfigurationList section */
	};
	rootObject = ED6436941DB03C5000D587F6 /* Project object */;
}
